
Microsoft Visual Studio Solution File, Format Version 12.00
# Visual Studio Version 16
VisualStudioVersion = 16.0.31729.503
MinimumVisualStudioVersion = 10.0.40219.1
Project("{FAE04EC0-301F-11D3-BF4B-00C04F79EFBC}") = "StudentAdmissionManagement", "StudentAdmissionManagement\StudentAdmissionManagement.csproj", "{D0A84BB4-F917-45CC-AF33-A8F6B774B746}"
EndProject
Project("{FAE04EC0-301F-11D3-BF4B-00C04F79EFBC}") = "StudentAttendanceManagement", "StudentAttendanceManagement\StudentAttendanceManagement.csproj", "{6B34D6BF-26FA-410D-8922-0D1294CA9C94}"
EndProject
Project("{FAE04EC0-301F-11D3-BF4B-00C04F79EFBC}") = "SchoolAPIGateway", "SchoolAPIGateway\SchoolAPIGateway.csproj", "{5A0FACFC-0F87-4C7F-8074-C2A8954D1B4A}"
EndProject
Global
	GlobalSection(SolutionConfigurationPlatforms) = preSolution
		Debug|Any CPU = Debug|Any CPU
		Release|Any CPU = Release|Any CPU
	EndGlobalSection
	GlobalSection(ProjectConfigurationPlatforms) = postSolution
		{D0A84BB4-F917-45CC-AF33-A8F6B774B746}.Debug|Any CPU.ActiveCfg = Debug|Any CPU
		{D0A84BB4-F917-45CC-AF33-A8F6B774B746}.Debug|Any CPU.Build.0 = Debug|Any CPU
		{D0A84BB4-F917-45CC-AF33-A8F6B774B746}.Release|Any CPU.ActiveCfg = Release|Any CPU
		{D0A84BB4-F917-45CC-AF33-A8F6B774B746}.Release|Any CPU.Build.0 = Release|Any CPU
		{6B34D6BF-26FA-410D-8922-0D1294CA9C94}.Debug|Any CPU.ActiveCfg = Debug|Any CPU
		{6B34D6BF-26FA-410D-8922-0D1294CA9C94}.Debug|Any CPU.Build.0 = Debug|Any CPU
		{6B34D6BF-26FA-410D-8922-0D1294CA9C94}.Release|Any CPU.ActiveCfg = Release|Any CPU
		{6B34D6BF-26FA-410D-8922-0D1294CA9C94}.Release|Any CPU.Build.0 = Release|Any CPU
		{5A0FACFC-0F87-4C7F-8074-C2A8954D1B4A}.Debug|Any CPU.ActiveCfg = Debug|Any CPU
		{5A0FACFC-0F87-4C7F-8074-C2A8954D1B4A}.Debug|Any CPU.Build.0 = Debug|Any CPU
		{5A0FACFC-0F87-4C7F-8074-C2A8954D1B4A}.Release|Any CPU.ActiveCfg = Release|Any CPU
		{5A0FACFC-0F87-4C7F-8074-C2A8954D1B4A}.Release|Any CPU.Build.0 = Release|Any CPU
	EndGlobalSection
	GlobalSection(SolutionProperties) = preSolution
		HideSolutionNode = FALSE
	EndGlobalSection
	GlobalSection(ExtensibilityGlobals) = postSolution
		SolutionGuid = {B5333921-3479-4904-B31D-90C900DC6F67}
	EndGlobalSection
EndGlobal
